{
  "name": "scrapapp",
  "version": "1.0.0",
  "lockfileVersion": 3,
  "requires": true,
  "packages": {
    "": {
      "name": "scrapapp",
      "version": "1.0.0",
      "license": "ISC",
      "dependencies": {
        "emoji-regex": "^10.4.0",
        "undici": "^6.21.1",
        "xml-formatter": "^3.6.4",
        "xml2js": "^0.6.2"
      }
    },
    "node_modules/emoji-regex": {
      "version": "10.4.0",
      "resolved": "https://registry.npmjs.org/emoji-regex/-/emoji-regex-10.4.0.tgz",
      "integrity": "sha512-EC+0oUMY1Rqm4O6LLrgjtYDvcVYTy7chDnM4Q7030tP4Kwj3u/pR6gP9ygnp2CJMK5Gq+9Q2oqmrFJAz01DXjw==",
      "license": "MIT"
    },
    "node_modules/sax": {
      "version": "1.4.1",
      "resolved": "https://registry.npmjs.org/sax/-/sax-1.4.1.tgz",
      "integrity": "sha512-+aWOz7yVScEGoKNd4PA10LZ8sk0A/z5+nXQG5giUO5rprX9jgYsTdov9qCchZiPIZezbZH+jRut8nPodFAX4Jg==",
      "license": "ISC"
    },
    "node_modules/undici": {
      "version": "6.21.1",
      "resolved": "https://registry.npmjs.org/undici/-/undici-6.21.1.tgz",
      "integrity": "sha512-q/1rj5D0/zayJB2FraXdaWxbhWiNKDvu8naDT2dl1yTlvJp4BLtOcp2a5BvgGNQpYYJzau7tf1WgKv3b+7mqpQ==",
      "license": "MIT",
      "engines": {
        "node": ">=18.17"
      }
    },
    "node_modules/xml-formatter": {
      "version": "3.6.4",
      "resolved": "https://registry.npmjs.org/xml-formatter/-/xml-formatter-3.6.4.tgz",
      "integrity": "sha512-vkvTNw4u9mp72lMmJHw771NE9EJLX0kfwIcP+ZEo9eJ6HmotX23vmykyROyIQ9Y3a+ckdUdhxIE2ZO66rYuPrg==",
      "license": "MIT",
      "dependencies": {
        "xml-parser-xo": "^4.1.2"
      },
      "engines": {
        "node": ">= 16"
      }
    },
    "node_modules/xml-parser-xo": {
      "version": "4.1.3",
      "resolved": "https://registry.npmjs.org/xml-parser-xo/-/xml-parser-xo-4.1.3.tgz",
      "integrity": "sha512-U6eN5Pyrlek9ottHVpT9e8YUax75oVYXbnYxU+utzDC7i+OyWj9ynsNMiZNQZvpuazbG0O7iLAs9FkcFmzlgSA==",
      "license": "MIT",
      "engines": {
        "node": ">= 16"
      }
    },
    "node_modules/xml2js": {
      "version": "0.6.2",
      "resolved": "https://registry.npmjs.org/xml2js/-/xml2js-0.6.2.tgz",
      "integrity": "sha512-T4rieHaC1EXcES0Kxxj4JWgaUQHDk+qwHcYOCFHfiwKz7tOVPLq7Hjq9dM1WCMhylqMEfP7hMcOIChvotiZegA==",
      "license": "MIT",
      "dependencies": {
        "sax": ">=0.6.0",
        "xmlbuilder": "~11.0.0"
      },
      "engines": {
        "node": ">=4.0.0"
      }
    },
    "node_modules/xml2js/node_modules/xmlbuilder": {
      "version": "11.0.1",
      "resolved": "https://registry.npmjs.org/xmlbuilder/-/xmlbuilder-11.0.1.tgz",
      "integrity": "sha512-fDlsI/kFEx7gLvbecc0/ohLG50fugQp8ryHzMTuW9vSa1GJ0XYWKnhsUx7oie3G98+r56aTQIUB4kht42R3JvA==",
      "license": "MIT",
      "engines": {
        "node": ">=4.0"
      }
    }
  }
}
